
Microsoft Visual Studio Solution File, Format Version 12.00
# Visual Studio Version 17
VisualStudioVersion = 17.14.36429.23 d17.14
MinimumVisualStudioVersion = 10.0.40219.1
Project("{FAE04EC0-301F-11D3-BF4B-00C04F79EFBC}") = "DMS_API", "DMS_API\DMS_API.csproj", "{72A61809-4E6B-4099-83EC-D3C4498B5601}"
EndProject
Global
	GlobalSection(SolutionConfigurationPlatforms) = preSolution
		Debug|Any CPU = Debug|Any CPU
		Release|Any CPU = Release|Any CPU
	EndGlobalSection
	GlobalSection(ProjectConfigurationPlatforms) = postSolution
		{72A61809-4E6B-4099-83EC-D3C4498B5601}.Debug|Any CPU.ActiveCfg = Debug|Any CPU
		{72A61809-4E6B-4099-83EC-D3C4498B5601}.Debug|Any CPU.Build.0 = Debug|Any CPU
		{72A61809-4E6B-4099-83EC-D3C4498B5601}.Release|Any CPU.ActiveCfg = Release|Any CPU
		{72A61809-4E6B-4099-83EC-D3C4498B5601}.Release|Any CPU.Build.0 = Release|Any CPU
	EndGlobalSection
	GlobalSection(SolutionProperties) = preSolution
		HideSolutionNode = FALSE
	EndGlobalSection
	GlobalSection(ExtensibilityGlobals) = postSolution
		SolutionGuid = {1C0B8304-8ECD-4CBA-8D81-F2A95863040D}
	EndGlobalSection
EndGlobal
